// !$*UTF8*$!
{
	archiveVersion = 1;
	classes = {
	};
	objectVersion = 46;
	objects = {

/* Begin PBXBuildFile section */
		4DAC381A154F3D6700886607 /* UIKit.framework in Frameworks */ = {isa = PBXBuildFile; fileRef = 4DAC3819154F3D6700886607 /* UIKit.framework */; };
		4DAC381C154F3D6700886607 /* Foundation.framework in Frameworks */ = {isa = PBXBuildFile; fileRef = 4DAC381B154F3D6700886607 /* Foundation.framework */; };
		4DAC381E154F3D6700886607 /* CoreGraphics.framework in Frameworks */ = {isa = PBXBuildFile; fileRef = 4DAC381D154F3D6700886607 /* CoreGraphics.framework */; };
		4DAC3824154F3D6700886607 /* InfoPlist.strings in Resources */ = {isa = PBXBuildFile; fileRef = 4DAC3822154F3D6700886607 /* InfoPlist.strings */; };
		4DAC3826154F3D6700886607 /* main.m in Sources */ = {isa = PBXBuildFile; fileRef = 4DAC3825154F3D6700886607 /* main.m */; };
		4DAC382A154F3D6700886607 /* FlickrAppDelegate.m in Sources */ = {isa = PBXBuildFile; fileRef = 4DAC3829154F3D6700886607 /* FlickrAppDelegate.m */; };
		4DAC382D154F3D6700886607 /* MainStoryboard_iPhone.storyboard in Resources */ = {isa = PBXBuildFile; fileRef = 4DAC382B154F3D6700886607 /* MainStoryboard_iPhone.storyboard */; };
		4DAC3830154F3D6700886607 /* MainStoryboard_iPad.storyboard in Resources */ = {isa = PBXBuildFile; fileRef = 4DAC382E154F3D6700886607 /* MainStoryboard_iPad.storyboard */; };
		4DAC383B154F3DAD00886607 /* FlickrPhotoViewController.m in Sources */ = {isa = PBXBuildFile; fileRef = 4DAC383A154F3DAD00886607 /* FlickrPhotoViewController.m */; };
		4DC27337154F540C00972614 /* FlickrTopPhotoTableViewController.m in Sources */ = {isa = PBXBuildFile; fileRef = 4DC27336154F540C00972614 /* FlickrTopPhotoTableViewController.m */; };
/* End PBXBuildFile section */

/* Begin PBXFileReference section */
		4DAC3815154F3D6700886607 /* Flickr Browser.app */ = {isa = PBXFileReference; explicitFileType = wrapper.application; includeInIndex = 0; path = "Flickr Browser.app"; sourceTree = BUILT_PRODUCTS_DIR; };
		4DAC3819154F3D6700886607 /* UIKit.framework */ = {isa = PBXFileReference; lastKnownFileType = wrapper.framework; name = UIKit.framework; path = System/Library/Frameworks/UIKit.framework; sourceTree = SDKROOT; };
		4DAC381B154F3D6700886607 /* Foundation.framework */ = {isa = PBXFileReference; lastKnownFileType = wrapper.framework; name = Foundation.framework; path = System/Library/Frameworks/Foundation.framework; sourceTree = SDKROOT; };
		4DAC381D154F3D6700886607 /* CoreGraphics.framework */ = {isa = PBXFileReference; lastKnownFileType = wrapper.framework; name = CoreGraphics.framework; path = System/Library/Frameworks/CoreGraphics.framework; sourceTree = SDKROOT; };
		4DAC3821154F3D6700886607 /* Flickr Browser-Info.plist */ = {isa = PBXFileReference; lastKnownFileType = text.plist.xml; path = "Flickr Browser-Info.plist"; sourceTree = "<group>"; };
		4DAC3823154F3D6700886607 /* en */ = {isa = PBXFileReference; lastKnownFileType = text.plist.strings; name = en; path = en.lproj/InfoPlist.strings; sourceTree = "<group>"; };
		4DAC3825154F3D6700886607 /* main.m */ = {isa = PBXFileReference; lastKnownFileType = sourcecode.c.objc; path = main.m; sourceTree = "<group>"; };
		4DAC3827154F3D6700886607 /* Flickr Browser-Prefix.pch */ = {isa = PBXFileReference; lastKnownFileType = sourcecode.c.h; path = "Flickr Browser-Prefix.pch"; sourceTree = "<group>"; };
		4DAC3828154F3D6700886607 /* FlickrAppDelegate.h */ = {isa = PBXFileReference; lastKnownFileType = sourcecode.c.h; path = FlickrAppDelegate.h; sourceTree = "<group>"; };
		4DAC3829154F3D6700886607 /* FlickrAppDelegate.m */ = {isa = PBXFileReference; lastKnownFileType = sourcecode.c.objc; path = FlickrAppDelegate.m; sourceTree = "<group>"; };
		4DAC382C154F3D6700886607 /* en */ = {isa = PBXFileReference; lastKnownFileType = file.storyboard; name = en; path = en.lproj/MainStoryboard_iPhone.storyboard; sourceTree = "<group>"; };
		4DAC382F154F3D6700886607 /* en */ = {isa = PBXFileReference; lastKnownFileType = file.storyboard; name = en; path = en.lproj/MainStoryboard_iPad.storyboard; sourceTree = "<group>"; };
		4DAC3839154F3DAD00886607 /* FlickrPhotoViewController.h */ = {isa = PBXFileReference; fileEncoding = 4; lastKnownFileType = sourcecode.c.h; path = FlickrPhotoViewController.h; sourceTree = "<group>"; };
		4DAC383A154F3DAD00886607 /* FlickrPhotoViewController.m */ = {isa = PBXFileReference; fileEncoding = 4; lastKnownFileType = sourcecode.c.objc; path = FlickrPhotoViewController.m; sourceTree = "<group>"; };
		4DC27335154F540C00972614 /* FlickrTopPhotoTableViewController.h */ = {isa = PBXFileReference; fileEncoding = 4; lastKnownFileType = sourcecode.c.h; path = FlickrTopPhotoTableViewController.h; sourceTree = "<group>"; };
		4DC27336154F540C00972614 /* FlickrTopPhotoTableViewController.m */ = {isa = PBXFileReference; fileEncoding = 4; lastKnownFileType = sourcecode.c.objc; path = FlickrTopPhotoTableViewController.m; sourceTree = "<group>"; };
/* End PBXFileReference section */

/* Begin PBXFrameworksBuildPhase section */
		4DAC3812154F3D6700886607 /* Frameworks */ = {
			isa = PBXFrameworksBuildPhase;
			buildActionMask = 2147483647;
			files = (
				4DAC381A154F3D6700886607 /* UIKit.framework in Frameworks */,
				4DAC381C154F3D6700886607 /* Foundation.framework in Frameworks */,
				4DAC381E154F3D6700886607 /* CoreGraphics.framework in Frameworks */,
			);
			runOnlyForDeploymentPostprocessing = 0;
		};
/* End PBXFrameworksBuildPhase section */

/* Begin PBXGroup section */
		4DAC380A154F3D6700886607 = {
			isa = PBXGroup;
			children = (
				4DAC381F154F3D6700886607 /* Flickr Browser */,
				4DAC3818154F3D6700886607 /* Frameworks */,
				4DAC3816154F3D6700886607 /* Products */,
			);
			sourceTree = "<group>";
		};
		4DAC3816154F3D6700886607 /* Products */ = {
			isa = PBXGroup;
			children = (
				4DAC3815154F3D6700886607 /* Flickr Browser.app */,
			);
			name = Products;
			sourceTree = "<group>";
		};
		4DAC3818154F3D6700886607 /* Frameworks */ = {
			isa = PBXGroup;
			children = (
				4DAC3819154F3D6700886607 /* UIKit.framework */,
				4DAC381B154F3D6700886607 /* Foundation.framework */,
				4DAC381D154F3D6700886607 /* CoreGraphics.framework */,
			);
			name = Frameworks;
			sourceTree = "<group>";
		};
		4DAC381F154F3D6700886607 /* Flickr Browser */ = {
			isa = PBXGroup;
			children = (
				4DC27335154F540C00972614 /* FlickrTopPhotoTableViewController.h */,
				4DC27336154F540C00972614 /* FlickrTopPhotoTableViewController.m */,
				4DAC382B154F3D6700886607 /* MainStoryboard_iPhone.storyboard */,
				4DAC382E154F3D6700886607 /* MainStoryboard_iPad.storyboard */,
				4DAC383A154F3DAD00886607 /* FlickrPhotoViewController.m */,
				4DAC3839154F3DAD00886607 /* FlickrPhotoViewController.h */,
				4DAC3820154F3D6700886607 /* Supporting Files */,
			);
			path = "Flickr Browser";
			sourceTree = "<group>";
		};
		4DAC3820154F3D6700886607 /* Supporting Files */ = {
			isa = PBXGroup;
			children = (
				4DAC3828154F3D6700886607 /* FlickrAppDelegate.h */,
				4DAC3829154F3D6700886607 /* FlickrAppDelegate.m */,
				4DAC3821154F3D6700886607 /* Flickr Browser-Info.plist */,
				4DAC3822154F3D6700886607 /* InfoPlist.strings */,
				4DAC3825154F3D6700886607 /* main.m */,
				4DAC3827154F3D6700886607 /* Flickr Browser-Prefix.pch */,
			);
			name = "Supporting Files";
			sourceTree = "<group>";
		};
/* End PBXGroup section */

/* Begin PBXNativeTarget section */
		4DAC3814154F3D6700886607 /* Flickr Browser */ = {
			isa = PBXNativeTarget;
			buildConfigurationList = 4DAC3836154F3D6700886607 /* Build configuration list for PBXNativeTarget "Flickr Browser" */;
			buildPhases = (
				4DAC3811154F3D6700886607 /* Sources */,
				4DAC3812154F3D6700886607 /* Frameworks */,
				4DAC3813154F3D6700886607 /* Resources */,
			);
			buildRules = (
			);
			dependencies = (
			);
			name = "Flickr Browser";
			productName = "Flickr Browser";
			productReference = 4DAC3815154F3D6700886607 /* Flickr Browser.app */;
			productType = "com.apple.product-type.application";
		};
/* End PBXNativeTarget section */

/* Begin PBXProject section */
		4DAC380C154F3D6700886607 /* Project object */ = {
			isa = PBXProject;
			attributes = {
				CLASSPREFIX = Flickr;
				LastUpgradeCheck = 0430;
				ORGANIZATIONNAME = Lubin;
			};
			buildConfigurationList = 4DAC380F154F3D6700886607 /* Build configuration list for PBXProject "Flickr Browser" */;
			compatibilityVersion = "Xcode 3.2";
			developmentRegion = English;
			hasScannedForEncodings = 0;
			knownRegions = (
				en,
			);
			mainGroup = 4DAC380A154F3D6700886607;
			productRefGroup = 4DAC3816154F3D6700886607 /* Products */;
			projectDirPath = "";
			projectRoot = "";
			targets = (
				4DAC3814154F3D6700886607 /* Flickr Browser */,
			);
		};
/* End PBXProject section */

/* Begin PBXResourcesBuildPhase section */
		4DAC3813154F3D6700886607 /* Resources */ = {
			isa = PBXResourcesBuildPhase;
			buildActionMask = 2147483647;
			files = (
				4DAC3824154F3D6700886607 /* InfoPlist.strings in Resources */,
				4DAC382D154F3D6700886607 /* MainStoryboard_iPhone.storyboard in Resources */,
				4DAC3830154F3D6700886607 /* MainStoryboard_iPad.storyboard in Resources */,
			);
			runOnlyForDeploymentPostprocessing = 0;
		};
/* End PBXResourcesBuildPhase section */

/* Begin PBXSourcesBuildPhase section */
		4DAC3811154F3D6700886607 /* Sources */ = {
			isa = PBXSourcesBuildPhase;
			buildActionMask = 2147483647;
			files = (
				4DAC3826154F3D6700886607 /* main.m in Sources */,
				4DAC382A154F3D6700886607 /* FlickrAppDelegate.m in Sources */,
				4DAC383B154F3DAD00886607 /* FlickrPhotoViewController.m in Sources */,
				4DC27337154F540C00972614 /* FlickrTopPhotoTableViewController.m in Sources */,
			);
			runOnlyForDeploymentPostprocessing = 0;
		};
/* End PBXSourcesBuildPhase section */

/* Begin PBXVariantGroup section */
		4DAC3822154F3D6700886607 /* InfoPlist.strings */ = {
			isa = PBXVariantGroup;
			children = (
				4DAC3823154F3D6700886607 /* en */,
			);
			name = InfoPlist.strings;
			sourceTree = "<group>";
		};
		4DAC382B154F3D6700886607 /* MainStoryboard_iPhone.storyboard */ = {
			isa = PBXVariantGroup;
			children = (
				4DAC382C154F3D6700886607 /* en */,
			);
			name = MainStoryboard_iPhone.storyboard;
			sourceTree = "<group>";
		};
		4DAC382E154F3D6700886607 /* MainStoryboard_iPad.storyboard */ = {
			isa = PBXVariantGroup;
			children = (
				4DAC382F154F3D6700886607 /* en */,
			);
			name = MainStoryboard_iPad.storyboard;
			sourceTree = "<group>";
		};
/* End PBXVariantGroup section */

/* Begin XCBuildConfiguration section */
		4DAC3834154F3D6700886607 /* Debug */ = {
			isa = XCBuildConfiguration;
			buildSettings = {
				ALWAYS_SEARCH_USER_PATHS = NO;
				ARCHS = "$(ARCHS_STANDARD_32_BIT)";
				CLANG_ENABLE_OBJC_ARC = YES;
				"CODE_SIGN_IDENTITY[sdk=iphoneos*]" = "iPhone Developer";
				COPY_PHASE_STRIP = NO;
				GCC_C_LANGUAGE_STANDARD = gnu99;
				GCC_DYNAMIC_NO_PIC = NO;
				GCC_OPTIMIZATION_LEVEL = 0;
				GCC_PREPROCESSOR_DEFINITIONS = (
					"DEBUG=1",
					"$(inherited)",
				);
				GCC_SYMBOLS_PRIVATE_EXTERN = NO;
				GCC_VERSION = com.apple.compilers.llvm.clang.1_0;
				GCC_WARN_ABOUT_RETURN_TYPE = YES;
				GCC_WARN_UNINITIALIZED_AUTOS = YES;
				GCC_WARN_UNUSED_VARIABLE = YES;
				IPHONEOS_DEPLOYMENT_TARGET = 5.1;
				SDKROOT = iphoneos;
				TARGETED_DEVICE_FAMILY = "1,2";
			};
			name = Debug;
		};
		4DAC3835154F3D6700886607 /* Release */ = {
			isa = XCBuildConfiguration;
			buildSettings = {
				ALWAYS_SEARCH_USER_PATHS = NO;
				ARCHS = "$(ARCHS_STANDARD_32_BIT)";
				CLANG_ENABLE_OBJC_ARC = YES;
				"CODE_SIGN_IDENTITY[sdk=iphoneos*]" = "iPhone Developer";
				COPY_PHASE_STRIP = YES;
				GCC_C_LANGUAGE_STANDARD = gnu99;
				GCC_VERSION = com.apple.compilers.llvm.clang.1_0;
				GCC_WARN_ABOUT_RETURN_TYPE = YES;
				GCC_WARN_UNINITIALIZED_AUTOS = YES;
				GCC_WARN_UNUSED_VARIABLE = YES;
				IPHONEOS_DEPLOYMENT_TARGET = 5.1;
				OTHER_CFLAGS = "-DNS_BLOCK_ASSERTIONS=1";
				SDKROOT = iphoneos;
				TARGETED_DEVICE_FAMILY = "1,2";
				VALIDATE_PRODUCT = YES;
			};
			name = Release;
		};
		4DAC3837154F3D6700886607 /* Debug */ = {
			isa = XCBuildConfiguration;
			buildSettings = {
				GCC_PRECOMPILE_PREFIX_HEADER = YES;
				GCC_PREFIX_HEADER = "Flickr Browser/Flickr Browser-Prefix.pch";
				INFOPLIST_FILE = "Flickr Browser/Flickr Browser-Info.plist";
				PRODUCT_NAME = "$(TARGET_NAME)";
				WRAPPER_EXTENSION = app;
			};
			name = Debug;
		};
		4DAC3838154F3D6700886607 /* Release */ = {
			isa = XCBuildConfiguration;
			buildSettings = {
				GCC_PRECOMPILE_PREFIX_HEADER = YES;
				GCC_PREFIX_HEADER = "Flickr Browser/Flickr Browser-Prefix.pch";
				INFOPLIST_FILE = "Flickr Browser/Flickr Browser-Info.plist";
				PRODUCT_NAME = "$(TARGET_NAME)";
				WRAPPER_EXTENSION = app;
			};
			name = Release;
		};
/* End XCBuildConfiguration section */

/* Begin XCConfigurationList section */
		4DAC380F154F3D6700886607 /* Build configuration list for PBXProject "Flickr Browser" */ = {
			isa = XCConfigurationList;
			buildConfigurations = (
				4DAC3834154F3D6700886607 /* Debug */,
				4DAC3835154F3D6700886607 /* Release */,
			);
			defaultConfigurationIsVisible = 0;
			defaultConfigurationName = Release;
		};
		4DAC3836154F3D6700886607 /* Build configuration list for PBXNativeTarget "Flickr Browser" */ = {
			isa = XCConfigurationList;
			buildConfigurations = (
				4DAC3837154F3D6700886607 /* Debug */,
				4DAC3838154F3D6700886607 /* Release */,
			);
			defaultConfigurationIsVisible = 0;
			defaultConfigurationName = Release;
		};
/* End XCConfigurationList section */
	};
	rootObject = 4DAC380C154F3D6700886607 /* Project object */;
}
